
Microsoft Visual Studio Solution File, Format Version 12.00
# Visual Studio Version 17
VisualStudioVersion = 17.5.33627.172
MinimumVisualStudioVersion = 10.0.40219.1
Project("{C7167F0D-BC9F-4E6E-AFE1-012C56B48DB5}") = "AppWinUi3001 (Package)", "AppWinUi3001 (Package)\AppWinUi3001 (Package).wapproj", "{1485EDD9-3E68-4429-BA1D-866A7EAAC9E1}"
EndProject
Project("{8BC9CEB8-8B4A-11D0-8D11-00A0C91BC942}") = "AppWinUi3001", "AppWinUi3001\AppWinUi3001.vcxproj", "{6CC2B4DF-A45D-480D-A2BA-D07185B9D027}"
EndProject
Global
	GlobalSection(SolutionConfigurationPlatforms) = preSolution
		Debug|ARM64 = Debug|ARM64
		Debug|x64 = Debug|x64
		Debug|x86 = Debug|x86
		Release|ARM64 = Release|ARM64
		Release|x64 = Release|x64
		Release|x86 = Release|x86
	EndGlobalSection
	GlobalSection(ProjectConfigurationPlatforms) = postSolution
		{1485EDD9-3E68-4429-BA1D-866A7EAAC9E1}.Debug|ARM64.ActiveCfg = Debug|ARM64
		{1485EDD9-3E68-4429-BA1D-866A7EAAC9E1}.Debug|ARM64.Build.0 = Debug|ARM64
		{1485EDD9-3E68-4429-BA1D-866A7EAAC9E1}.Debug|ARM64.Deploy.0 = Debug|ARM64
		{1485EDD9-3E68-4429-BA1D-866A7EAAC9E1}.Debug|x64.ActiveCfg = Debug|x64
		{1485EDD9-3E68-4429-BA1D-866A7EAAC9E1}.Debug|x64.Build.0 = Debug|x64
		{1485EDD9-3E68-4429-BA1D-866A7EAAC9E1}.Debug|x64.Deploy.0 = Debug|x64
		{1485EDD9-3E68-4429-BA1D-866A7EAAC9E1}.Debug|x86.ActiveCfg = Release|x64
		{1485EDD9-3E68-4429-BA1D-866A7EAAC9E1}.Debug|x86.Build.0 = Release|x64
		{1485EDD9-3E68-4429-BA1D-866A7EAAC9E1}.Debug|x86.Deploy.0 = Release|x64
		{1485EDD9-3E68-4429-BA1D-866A7EAAC9E1}.Release|ARM64.ActiveCfg = Release|ARM64
		{1485EDD9-3E68-4429-BA1D-866A7EAAC9E1}.Release|ARM64.Build.0 = Release|ARM64
		{1485EDD9-3E68-4429-BA1D-866A7EAAC9E1}.Release|ARM64.Deploy.0 = Release|ARM64
		{1485EDD9-3E68-4429-BA1D-866A7EAAC9E1}.Release|x64.ActiveCfg = Release|x64
		{1485EDD9-3E68-4429-BA1D-866A7EAAC9E1}.Release|x64.Build.0 = Release|x64
		{1485EDD9-3E68-4429-BA1D-866A7EAAC9E1}.Release|x64.Deploy.0 = Release|x64
		{1485EDD9-3E68-4429-BA1D-866A7EAAC9E1}.Release|x86.ActiveCfg = Release|x86
		{1485EDD9-3E68-4429-BA1D-866A7EAAC9E1}.Release|x86.Build.0 = Release|x86
		{1485EDD9-3E68-4429-BA1D-866A7EAAC9E1}.Release|x86.Deploy.0 = Release|x86
		{6CC2B4DF-A45D-480D-A2BA-D07185B9D027}.Debug|ARM64.ActiveCfg = Debug|ARM64
		{6CC2B4DF-A45D-480D-A2BA-D07185B9D027}.Debug|ARM64.Build.0 = Debug|ARM64
		{6CC2B4DF-A45D-480D-A2BA-D07185B9D027}.Debug|x64.ActiveCfg = Debug|x64
		{6CC2B4DF-A45D-480D-A2BA-D07185B9D027}.Debug|x64.Build.0 = Debug|x64
		{6CC2B4DF-A45D-480D-A2BA-D07185B9D027}.Debug|x86.ActiveCfg = Release|x64
		{6CC2B4DF-A45D-480D-A2BA-D07185B9D027}.Debug|x86.Build.0 = Release|x64
		{6CC2B4DF-A45D-480D-A2BA-D07185B9D027}.Release|ARM64.ActiveCfg = Release|ARM64
		{6CC2B4DF-A45D-480D-A2BA-D07185B9D027}.Release|ARM64.Build.0 = Release|ARM64
		{6CC2B4DF-A45D-480D-A2BA-D07185B9D027}.Release|x64.ActiveCfg = Release|x64
		{6CC2B4DF-A45D-480D-A2BA-D07185B9D027}.Release|x64.Build.0 = Release|x64
		{6CC2B4DF-A45D-480D-A2BA-D07185B9D027}.Release|x86.ActiveCfg = Release|Win32
		{6CC2B4DF-A45D-480D-A2BA-D07185B9D027}.Release|x86.Build.0 = Release|Win32
	EndGlobalSection
	GlobalSection(SolutionProperties) = preSolution
		HideSolutionNode = FALSE
	EndGlobalSection
	GlobalSection(ExtensibilityGlobals) = postSolution
		SolutionGuid = {049737A2-A24B-444D-87BC-90B2E276705D}
	EndGlobalSection
EndGlobal
